
Microsoft Visual Studio Solution File, Format Version 12.00
# Visual Studio 2013
VisualStudioVersion = 12.0.40629.0
MinimumVisualStudioVersion = 10.0.40219.1
Project("{FAE04EC0-301F-11D3-BF4B-00C04F79EFBC}") = "CustomLibraryWPF", "CustomLibraryWPF\CustomLibraryWPF.csproj", "{CFA56E0A-9F19-484C-BC2F-674B75632DF6}"
EndProject
Project("{FAE04EC0-301F-11D3-BF4B-00C04F79EFBC}") = "WPFApps", "WPFApps\WPFApps.csproj", "{19C190CB-3E25-46E8-902B-270ACB3E64F7}"
EndProject
Global
	GlobalSection(SolutionConfigurationPlatforms) = preSolution
		Debug|Any CPU = Debug|Any CPU
		Release|Any CPU = Release|Any CPU
	EndGlobalSection
	GlobalSection(ProjectConfigurationPlatforms) = postSolution
		{CFA56E0A-9F19-484C-BC2F-674B75632DF6}.Debug|Any CPU.ActiveCfg = Debug|Any CPU
		{CFA56E0A-9F19-484C-BC2F-674B75632DF6}.Debug|Any CPU.Build.0 = Debug|Any CPU
		{CFA56E0A-9F19-484C-BC2F-674B75632DF6}.Release|Any CPU.ActiveCfg = Release|Any CPU
		{CFA56E0A-9F19-484C-BC2F-674B75632DF6}.Release|Any CPU.Build.0 = Release|Any CPU
		{19C190CB-3E25-46E8-902B-270ACB3E64F7}.Debug|Any CPU.ActiveCfg = Debug|Any CPU
		{19C190CB-3E25-46E8-902B-270ACB3E64F7}.Debug|Any CPU.Build.0 = Debug|Any CPU
		{19C190CB-3E25-46E8-902B-270ACB3E64F7}.Release|Any CPU.ActiveCfg = Release|Any CPU
		{19C190CB-3E25-46E8-902B-270ACB3E64F7}.Release|Any CPU.Build.0 = Release|Any CPU
	EndGlobalSection
	GlobalSection(SolutionProperties) = preSolution
		HideSolutionNode = FALSE
	EndGlobalSection
EndGlobal
